
Microsoft Visual Studio Solution File, Format Version 12.00
# Visual Studio Version 16
VisualStudioVersion = 16.0.31729.503
MinimumVisualStudioVersion = 10.0.40219.1
Project("{FAE04EC0-301F-11D3-BF4B-00C04F79EFBC}") = "Practica4albjos", "Practica4albjos\Practica4albjos.csproj", "{E12A37DF-3D92-45C8-A2E0-3A0170A1018B}"
EndProject
Global
	GlobalSection(SolutionConfigurationPlatforms) = preSolution
		Debug|Any CPU = Debug|Any CPU
		Release|Any CPU = Release|Any CPU
	EndGlobalSection
	GlobalSection(ProjectConfigurationPlatforms) = postSolution
		{E12A37DF-3D92-45C8-A2E0-3A0170A1018B}.Debug|Any CPU.ActiveCfg = Debug|Any CPU
		{E12A37DF-3D92-45C8-A2E0-3A0170A1018B}.Debug|Any CPU.Build.0 = Debug|Any CPU
		{E12A37DF-3D92-45C8-A2E0-3A0170A1018B}.Release|Any CPU.ActiveCfg = Release|Any CPU
		{E12A37DF-3D92-45C8-A2E0-3A0170A1018B}.Release|Any CPU.Build.0 = Release|Any CPU
	EndGlobalSection
	GlobalSection(SolutionProperties) = preSolution
		HideSolutionNode = FALSE
	EndGlobalSection
	GlobalSection(ExtensibilityGlobals) = postSolution
		SolutionGuid = {C0512088-6065-48AE-8647-1803C0A9B896}
	EndGlobalSection
EndGlobal
